// !$*UTF8*$!
{
	archiveVersion = 1;
	classes = {
	};
	objectVersion = 48;
	objects = {

/* Begin PBXBuildFile section */
		223DBF392035F241001508DC /* AppDelegate.swift in Sources */ = {isa = PBXBuildFile; fileRef = 223DBF382035F241001508DC /* AppDelegate.swift */; };
		223DBF3B2035F241001508DC /* PeopleViewController.swift in Sources */ = {isa = PBXBuildFile; fileRef = 223DBF3A2035F241001508DC /* PeopleViewController.swift */; };
		223DBF402035F241001508DC /* Assets.xcassets in Resources */ = {isa = PBXBuildFile; fileRef = 223DBF3F2035F241001508DC /* Assets.xcassets */; };
		223DBF432035F241001508DC /* LaunchScreen.storyboard in Resources */ = {isa = PBXBuildFile; fileRef = 223DBF412035F241001508DC /* LaunchScreen.storyboard */; };
		223DBF4C2035F26B001508DC /* PersonViewController.swift in Sources */ = {isa = PBXBuildFile; fileRef = 223DBF4B2035F26B001508DC /* PersonViewController.swift */; };
		223DBF502035F305001508DC /* PersonModel.xcdatamodeld in Sources */ = {isa = PBXBuildFile; fileRef = 223DBF4E2035F305001508DC /* PersonModel.xcdatamodeld */; };
		223DBF5220361B81001508DC /* PersonCell.swift in Sources */ = {isa = PBXBuildFile; fileRef = 223DBF5120361B81001508DC /* PersonCell.swift */; };
/* End PBXBuildFile section */

/* Begin PBXFileReference section */
		223DBF352035F241001508DC /* PersonAttemp2.app */ = {isa = PBXFileReference; explicitFileType = wrapper.application; includeInIndex = 0; path = PersonAttemp2.app; sourceTree = BUILT_PRODUCTS_DIR; };
		223DBF382035F241001508DC /* AppDelegate.swift */ = {isa = PBXFileReference; lastKnownFileType = sourcecode.swift; path = AppDelegate.swift; sourceTree = "<group>"; };
		223DBF3A2035F241001508DC /* PeopleViewController.swift */ = {isa = PBXFileReference; lastKnownFileType = sourcecode.swift; path = PeopleViewController.swift; sourceTree = "<group>"; };
		223DBF3F2035F241001508DC /* Assets.xcassets */ = {isa = PBXFileReference; lastKnownFileType = folder.assetcatalog; path = Assets.xcassets; sourceTree = "<group>"; };
		223DBF422035F241001508DC /* Base */ = {isa = PBXFileReference; lastKnownFileType = file.storyboard; name = Base; path = Base.lproj/LaunchScreen.storyboard; sourceTree = "<group>"; };
		223DBF442035F241001508DC /* Info.plist */ = {isa = PBXFileReference; lastKnownFileType = text.plist.xml; path = Info.plist; sourceTree = "<group>"; };
		223DBF4B2035F26B001508DC /* PersonViewController.swift */ = {isa = PBXFileReference; lastKnownFileType = sourcecode.swift; path = PersonViewController.swift; sourceTree = "<group>"; };
		223DBF4F2035F305001508DC /* Model.xcdatamodel */ = {isa = PBXFileReference; lastKnownFileType = wrapper.xcdatamodel; path = Model.xcdatamodel; sourceTree = "<group>"; };
		223DBF5120361B81001508DC /* PersonCell.swift */ = {isa = PBXFileReference; lastKnownFileType = sourcecode.swift; path = PersonCell.swift; sourceTree = "<group>"; };
/* End PBXFileReference section */

/* Begin PBXFrameworksBuildPhase section */
		223DBF322035F241001508DC /* Frameworks */ = {
			isa = PBXFrameworksBuildPhase;
			buildActionMask = 2147483647;
			files = (
			);
			runOnlyForDeploymentPostprocessing = 0;
		};
/* End PBXFrameworksBuildPhase section */

/* Begin PBXGroup section */
		223DBF2C2035F241001508DC = {
			isa = PBXGroup;
			children = (
				223DBF372035F241001508DC /* PersonAttemp2 */,
				223DBF362035F241001508DC /* Products */,
			);
			sourceTree = "<group>";
		};
		223DBF362035F241001508DC /* Products */ = {
			isa = PBXGroup;
			children = (
				223DBF352035F241001508DC /* PersonAttemp2.app */,
			);
			name = Products;
			sourceTree = "<group>";
		};
		223DBF372035F241001508DC /* PersonAttemp2 */ = {
			isa = PBXGroup;
			children = (
				223DBF4D2035F2FB001508DC /* coredata */,
				223DBF4A2035F257001508DC /* detail */,
				223DBF382035F241001508DC /* AppDelegate.swift */,
				223DBF3A2035F241001508DC /* PeopleViewController.swift */,
				223DBF3F2035F241001508DC /* Assets.xcassets */,
				223DBF412035F241001508DC /* LaunchScreen.storyboard */,
				223DBF442035F241001508DC /* Info.plist */,
			);
			path = PersonAttemp2;
			sourceTree = "<group>";
		};
		223DBF4A2035F257001508DC /* detail */ = {
			isa = PBXGroup;
			children = (
				223DBF4B2035F26B001508DC /* PersonViewController.swift */,
				223DBF5120361B81001508DC /* PersonCell.swift */,
			);
			path = detail;
			sourceTree = "<group>";
		};
		223DBF4D2035F2FB001508DC /* coredata */ = {
			isa = PBXGroup;
			children = (
				223DBF4E2035F305001508DC /* PersonModel.xcdatamodeld */,
			);
			path = coredata;
			sourceTree = "<group>";
		};
/* End PBXGroup section */

/* Begin PBXNativeTarget section */
		223DBF342035F241001508DC /* PersonAttemp2 */ = {
			isa = PBXNativeTarget;
			buildConfigurationList = 223DBF472035F241001508DC /* Build configuration list for PBXNativeTarget "PersonAttemp2" */;
			buildPhases = (
				223DBF312035F241001508DC /* Sources */,
				223DBF322035F241001508DC /* Frameworks */,
				223DBF332035F241001508DC /* Resources */,
			);
			buildRules = (
			);
			dependencies = (
			);
			name = PersonAttemp2;
			productName = PersonAttemp2;
			productReference = 223DBF352035F241001508DC /* PersonAttemp2.app */;
			productType = "com.apple.product-type.application";
		};
/* End PBXNativeTarget section */

/* Begin PBXProject section */
		223DBF2D2035F241001508DC /* Project object */ = {
			isa = PBXProject;
			attributes = {
				LastSwiftUpdateCheck = 0920;
				LastUpgradeCheck = 0920;
				ORGANIZATIONNAME = "Mauricio Leal";
				TargetAttributes = {
					223DBF342035F241001508DC = {
						CreatedOnToolsVersion = 9.2;
						ProvisioningStyle = Automatic;
					};
				};
			};
			buildConfigurationList = 223DBF302035F241001508DC /* Build configuration list for PBXProject "PersonAttemp2" */;
			compatibilityVersion = "Xcode 8.0";
			developmentRegion = en;
			hasScannedForEncodings = 0;
			knownRegions = (
				en,
				Base,
			);
			mainGroup = 223DBF2C2035F241001508DC;
			productRefGroup = 223DBF362035F241001508DC /* Products */;
			projectDirPath = "";
			projectRoot = "";
			targets = (
				223DBF342035F241001508DC /* PersonAttemp2 */,
			);
		};
/* End PBXProject section */

/* Begin PBXResourcesBuildPhase section */
		223DBF332035F241001508DC /* Resources */ = {
			isa = PBXResourcesBuildPhase;
			buildActionMask = 2147483647;
			files = (
				223DBF432035F241001508DC /* LaunchScreen.storyboard in Resources */,
				223DBF402035F241001508DC /* Assets.xcassets in Resources */,
			);
			runOnlyForDeploymentPostprocessing = 0;
		};
/* End PBXResourcesBuildPhase section */

/* Begin PBXSourcesBuildPhase section */
		223DBF312035F241001508DC /* Sources */ = {
			isa = PBXSourcesBuildPhase;
			buildActionMask = 2147483647;
			files = (
				223DBF3B2035F241001508DC /* PeopleViewController.swift in Sources */,
				223DBF5220361B81001508DC /* PersonCell.swift in Sources */,
				223DBF4C2035F26B001508DC /* PersonViewController.swift in Sources */,
				223DBF392035F241001508DC /* AppDelegate.swift in Sources */,
				223DBF502035F305001508DC /* PersonModel.xcdatamodeld in Sources */,
			);
			runOnlyForDeploymentPostprocessing = 0;
		};
/* End PBXSourcesBuildPhase section */

/* Begin PBXVariantGroup section */
		223DBF412035F241001508DC /* LaunchScreen.storyboard */ = {
			isa = PBXVariantGroup;
			children = (
				223DBF422035F241001508DC /* Base */,
			);
			name = LaunchScreen.storyboard;
			sourceTree = "<group>";
		};
/* End PBXVariantGroup section */

/* Begin XCBuildConfiguration section */
		223DBF452035F241001508DC /* Debug */ = {
			isa = XCBuildConfiguration;
			buildSettings = {
				ALWAYS_SEARCH_USER_PATHS = NO;
				CLANG_ANALYZER_NONNULL = YES;
				CLANG_ANALYZER_NUMBER_OBJECT_CONVERSION = YES_AGGRESSIVE;
				CLANG_CXX_LANGUAGE_STANDARD = "gnu++14";
				CLANG_CXX_LIBRARY = "libc++";
				CLANG_ENABLE_MODULES = YES;
				CLANG_ENABLE_OBJC_ARC = YES;
				CLANG_WARN_BLOCK_CAPTURE_AUTORELEASING = YES;
				CLANG_WARN_BOOL_CONVERSION = YES;
				CLANG_WARN_COMMA = YES;
				CLANG_WARN_CONSTANT_CONVERSION = YES;
				CLANG_WARN_DIRECT_OBJC_ISA_USAGE = YES_ERROR;
				CLANG_WARN_DOCUMENTATION_COMMENTS = YES;
				CLANG_WARN_EMPTY_BODY = YES;
				CLANG_WARN_ENUM_CONVERSION = YES;
				CLANG_WARN_INFINITE_RECURSION = YES;
				CLANG_WARN_INT_CONVERSION = YES;
				CLANG_WARN_NON_LITERAL_NULL_CONVERSION = YES;
				CLANG_WARN_OBJC_LITERAL_CONVERSION = YES;
				CLANG_WARN_OBJC_ROOT_CLASS = YES_ERROR;
				CLANG_WARN_RANGE_LOOP_ANALYSIS = YES;
				CLANG_WARN_STRICT_PROTOTYPES = YES;
				CLANG_WARN_SUSPICIOUS_MOVE = YES;
				CLANG_WARN_UNGUARDED_AVAILABILITY = YES_AGGRESSIVE;
				CLANG_WARN_UNREACHABLE_CODE = YES;
				CLANG_WARN__DUPLICATE_METHOD_MATCH = YES;
				CODE_SIGN_IDENTITY = "iPhone Developer";
				COPY_PHASE_STRIP = NO;
				DEBUG_INFORMATION_FORMAT = dwarf;
				ENABLE_STRICT_OBJC_MSGSEND = YES;
				ENABLE_TESTABILITY = YES;
				GCC_C_LANGUAGE_STANDARD = gnu11;
				GCC_DYNAMIC_NO_PIC = NO;
				GCC_NO_COMMON_BLOCKS = YES;
				GCC_OPTIMIZATION_LEVEL = 0;
				GCC_PREPROCESSOR_DEFINITIONS = (
					"DEBUG=1",
					"$(inherited)",
				);
				GCC_WARN_64_TO_32_BIT_CONVERSION = YES;
				GCC_WARN_ABOUT_RETURN_TYPE = YES_ERROR;
				GCC_WARN_UNDECLARED_SELECTOR = YES;
				GCC_WARN_UNINITIALIZED_AUTOS = YES_AGGRESSIVE;
				GCC_WARN_UNUSED_FUNCTION = YES;
				GCC_WARN_UNUSED_VARIABLE = YES;
				IPHONEOS_DEPLOYMENT_TARGET = 11.2;
				MTL_ENABLE_DEBUG_INFO = YES;
				ONLY_ACTIVE_ARCH = YES;
				SDKROOT = iphoneos;
				SWIFT_ACTIVE_COMPILATION_CONDITIONS = DEBUG;
				SWIFT_OPTIMIZATION_LEVEL = "-Onone";
			};
			name = Debug;
		};
		223DBF462035F241001508DC /* Release */ = {
			isa = XCBuildConfiguration;
			buildSettings = {
				ALWAYS_SEARCH_USER_PATHS = NO;
				CLANG_ANALYZER_NONNULL = YES;
				CLANG_ANALYZER_NUMBER_OBJECT_CONVERSION = YES_AGGRESSIVE;
				CLANG_CXX_LANGUAGE_STANDARD = "gnu++14";
				CLANG_CXX_LIBRARY = "libc++";
				CLANG_ENABLE_MODULES = YES;
				CLANG_ENABLE_OBJC_ARC = YES;
				CLANG_WARN_BLOCK_CAPTURE_AUTORELEASING = YES;
				CLANG_WARN_BOOL_CONVERSION = YES;
				CLANG_WARN_COMMA = YES;
				CLANG_WARN_CONSTANT_CONVERSION = YES;
				CLANG_WARN_DIRECT_OBJC_ISA_USAGE = YES_ERROR;
				CLANG_WARN_DOCUMENTATION_COMMENTS = YES;
				CLANG_WARN_EMPTY_BODY = YES;
				CLANG_WARN_ENUM_CONVERSION = YES;
				CLANG_WARN_INFINITE_RECURSION = YES;
				CLANG_WARN_INT_CONVERSION = YES;
				CLANG_WARN_NON_LITERAL_NULL_CONVERSION = YES;
				CLANG_WARN_OBJC_LITERAL_CONVERSION = YES;
				CLANG_WARN_OBJC_ROOT_CLASS = YES_ERROR;
				CLANG_WARN_RANGE_LOOP_ANALYSIS = YES;
				CLANG_WARN_STRICT_PROTOTYPES = YES;
				CLANG_WARN_SUSPICIOUS_MOVE = YES;
				CLANG_WARN_UNGUARDED_AVAILABILITY = YES_AGGRESSIVE;
				CLANG_WARN_UNREACHABLE_CODE = YES;
				CLANG_WARN__DUPLICATE_METHOD_MATCH = YES;
				CODE_SIGN_IDENTITY = "iPhone Developer";
				COPY_PHASE_STRIP = NO;
				DEBUG_INFORMATION_FORMAT = "dwarf-with-dsym";
				ENABLE_NS_ASSERTIONS = NO;
				ENABLE_STRICT_OBJC_MSGSEND = YES;
				GCC_C_LANGUAGE_STANDARD = gnu11;
				GCC_NO_COMMON_BLOCKS = YES;
				GCC_WARN_64_TO_32_BIT_CONVERSION = YES;
				GCC_WARN_ABOUT_RETURN_TYPE = YES_ERROR;
				GCC_WARN_UNDECLARED_SELECTOR = YES;
				GCC_WARN_UNINITIALIZED_AUTOS = YES_AGGRESSIVE;
				GCC_WARN_UNUSED_FUNCTION = YES;
				GCC_WARN_UNUSED_VARIABLE = YES;
				IPHONEOS_DEPLOYMENT_TARGET = 11.2;
				MTL_ENABLE_DEBUG_INFO = NO;
				SDKROOT = iphoneos;
				SWIFT_OPTIMIZATION_LEVEL = "-Owholemodule";
				VALIDATE_PRODUCT = YES;
			};
			name = Release;
		};
		223DBF482035F241001508DC /* Debug */ = {
			isa = XCBuildConfiguration;
			buildSettings = {
				ASSETCATALOG_COMPILER_APPICON_NAME = AppIcon;
				CODE_SIGN_STYLE = Automatic;
				INFOPLIST_FILE = PersonAttemp2/Info.plist;
				LD_RUNPATH_SEARCH_PATHS = "$(inherited) @executable_path/Frameworks";
				PRODUCT_BUNDLE_IDENTIFIER = net.nortlam.PersonAttemp2;
				PRODUCT_NAME = "$(TARGET_NAME)";
				SWIFT_VERSION = 4.0;
				TARGETED_DEVICE_FAMILY = "1,2";
			};
			name = Debug;
		};
		223DBF492035F241001508DC /* Release */ = {
			isa = XCBuildConfiguration;
			buildSettings = {
				ASSETCATALOG_COMPILER_APPICON_NAME = AppIcon;
				CODE_SIGN_STYLE = Automatic;
				INFOPLIST_FILE = PersonAttemp2/Info.plist;
				LD_RUNPATH_SEARCH_PATHS = "$(inherited) @executable_path/Frameworks";
				PRODUCT_BUNDLE_IDENTIFIER = net.nortlam.PersonAttemp2;
				PRODUCT_NAME = "$(TARGET_NAME)";
				SWIFT_VERSION = 4.0;
				TARGETED_DEVICE_FAMILY = "1,2";
			};
			name = Release;
		};
/* End XCBuildConfiguration section */

/* Begin XCConfigurationList section */
		223DBF302035F241001508DC /* Build configuration list for PBXProject "PersonAttemp2" */ = {
			isa = XCConfigurationList;
			buildConfigurations = (
				223DBF452035F241001508DC /* Debug */,
				223DBF462035F241001508DC /* Release */,
			);
			defaultConfigurationIsVisible = 0;
			defaultConfigurationName = Release;
		};
		223DBF472035F241001508DC /* Build configuration list for PBXNativeTarget "PersonAttemp2" */ = {
			isa = XCConfigurationList;
			buildConfigurations = (
				223DBF482035F241001508DC /* Debug */,
				223DBF492035F241001508DC /* Release */,
			);
			defaultConfigurationIsVisible = 0;
			defaultConfigurationName = Release;
		};
/* End XCConfigurationList section */

/* Begin XCVersionGroup section */
		223DBF4E2035F305001508DC /* PersonModel.xcdatamodeld */ = {
			isa = XCVersionGroup;
			children = (
				223DBF4F2035F305001508DC /* Model.xcdatamodel */,
			);
			currentVersion = 223DBF4F2035F305001508DC /* Model.xcdatamodel */;
			path = PersonModel.xcdatamodeld;
			sourceTree = "<group>";
			versionGroupType = wrapper.xcdatamodel;
		};
/* End XCVersionGroup section */
	};
	rootObject = 223DBF2D2035F241001508DC /* Project object */;
}
